
Microsoft Visual Studio Solution File, Format Version 12.00
# Visual Studio Version 17
VisualStudioVersion = 17.0.32002.185
MinimumVisualStudioVersion = 10.0.40219.1
Project("{2150E333-8FDC-42A3-9474-1A3956D46DE8}") = "Libraries", "Libraries", "{E4ACA93B-D3DE-4557-B069-F1DB42925A4B}"
EndProject
Project("{2150E333-8FDC-42A3-9474-1A3956D46DE8}") = "Presentation", "Presentation", "{B09156FB-8291-46A2-AF37-67CE97CFB5A6}"
EndProject
Project("{2150E333-8FDC-42A3-9474-1A3956D46DE8}") = "Plugins", "Plugins", "{7881B112-7843-4542-B1F7-F99553FB9BB7}"
EndProject
Project("{9A19103F-16F7-4668-BE54-9A1E7A4F7556}") = "Nop.Web", "Presentation\Nop.Web\Nop.Web.csproj", "{4F1F649C-1020-45BE-A487-F416D9297FF3}"
EndProject
Project("{9A19103F-16F7-4668-BE54-9A1E7A4F7556}") = "Nop.Core", "Libraries\Nop.Core\Nop.Core.csproj", "{6BDA8332-939F-45B7-A25E-7A797260AE59}"
EndProject
Project("{9A19103F-16F7-4668-BE54-9A1E7A4F7556}") = "Nop.Data", "Libraries\Nop.Data\Nop.Data.csproj", "{CCD7F2C9-6A2C-4CF0-8E89-076B8FC0F144}"
EndProject
Project("{9A19103F-16F7-4668-BE54-9A1E7A4F7556}") = "Nop.Services", "Libraries\Nop.Services\Nop.Services.csproj", "{210541AD-F659-47DA-8763-16F36C5CD2F4}"
EndProject
Project("{9A19103F-16F7-4668-BE54-9A1E7A4F7556}") = "Nop.Plugin.Payments.Manual", "Plugins\Nop.Plugin.Payments.Manual\Nop.Plugin.Payments.Manual.csproj", "{9A7B9344-6AD0-4828-876D-0BF14C177148}"
EndProject
Project("{9A19103F-16F7-4668-BE54-9A1E7A4F7556}") = "Nop.Web.Framework", "Presentation\Nop.Web.Framework\Nop.Web.Framework.csproj", "{75FD4163-333C-4DD5-854D-2EF294E45D94}"
EndProject
Project("{2150E333-8FDC-42A3-9474-1A3956D46DE8}") = "Tests", "Tests", "{E8FC6874-E230-468A-9685-4747354B92FF}"
EndProject
Project("{9A19103F-16F7-4668-BE54-9A1E7A4F7556}") = "Nop.Tests", "Tests\Nop.Tests\Nop.Tests.csproj", "{FD31C133-B4DE-4BB2-B327-1D0E2F2C95D4}"
EndProject
Project("{FAE04EC0-301F-11D3-BF4B-00C04F79EFBC}") = "Nop.Plugin.Misc.AbcCore", "Plugins\Nop.Plugin.Misc.AbcCore\Nop.Plugin.Misc.AbcCore.csproj", "{DD50A010-A00C-4CC6-B0BC-5E00C9EB4A25}"
EndProject
Project("{FAE04EC0-301F-11D3-BF4B-00C04F79EFBC}") = "Nop.Plugin.Misc.AbcFrontend", "Plugins\Nop.Plugin.Misc.AbcFrontend\Nop.Plugin.Misc.AbcFrontend.csproj", "{6D172051-A383-4BA6-A263-CEA19E7A6D2E}"
EndProject
Project("{FAE04EC0-301F-11D3-BF4B-00C04F79EFBC}") = "AbcWarehouse.Plugin.Misc.SearchSpring", "Plugins\AbcWarehouse.Plugin.Misc.SearchSpring\AbcWarehouse.Plugin.Misc.SearchSpring.csproj", "{2196E5AF-7BFF-45B0-A376-D91A2C82DC71}"
EndProject
Project("{FAE04EC0-301F-11D3-BF4B-00C04F79EFBC}") = "AbcWarehouse.Plugin.Payments.UniFi", "Plugins\AbcWarehouse.Plugin.Payments.UniFi\AbcWarehouse.Plugin.Payments.UniFi.csproj", "{3E1116F2-81AF-4B38-948D-CDCFBBFDD254}"
EndProject
Project("{FAE04EC0-301F-11D3-BF4B-00C04F79EFBC}") = "AbcWarehouse.Plugin.Widgets.UniFi", "Plugins\AbcWarehouse.Plugin.Widgets.UniFi\AbcWarehouse.Plugin.Widgets.UniFi.csproj", "{75A95C16-9710-4421-8C0F-6876FA87BE9C}"
EndProject
Project("{FAE04EC0-301F-11D3-BF4B-00C04F79EFBC}") = "AbcWarehouse.Plugin.Widgets.AddressAutocomplete", "Plugins\AbcWarehouse.Plugin.Widgets.AddressAutocomplete\AbcWarehouse.Plugin.Widgets.AddressAutocomplete.csproj", "{5556E386-F732-4B0F-AE24-ADA2C78461F9}"
EndProject
Project("{FAE04EC0-301F-11D3-BF4B-00C04F79EFBC}") = "AbcWarehouse.Plugin.Widgets.CartSlideout", "Plugins\AbcWarehouse.Plugin.Widgets.CartSlideout\AbcWarehouse.Plugin.Widgets.CartSlideout.csproj", "{7D19A236-B85D-400C-B362-B6249C44DC7D}"
EndProject
Project("{FAE04EC0-301F-11D3-BF4B-00C04F79EFBC}") = "AbcWarehouse.Plugin.Widgets.Flixmedia", "Plugins\AbcWarehouse.Plugin.Widgets.Flixmedia\AbcWarehouse.Plugin.Widgets.Flixmedia.csproj", "{BA03DBAD-220D-4546-BC6C-4BAFA797F98B}"
EndProject
Project("{FAE04EC0-301F-11D3-BF4B-00C04F79EFBC}") = "AbcWarehouse.Plugin.Widgets.GA4", "Plugins\AbcWarehouse.Plugin.Widgets.GA4\AbcWarehouse.Plugin.Widgets.GA4.csproj", "{79882766-8D58-44B9-A68F-DD77E7449077}"
EndProject
Project("{FAE04EC0-301F-11D3-BF4B-00C04F79EFBC}") = "AbcWarehouse.Plugin.Widgets.Listrak", "Plugins\AbcWarehouse.Plugin.Widgets.Listrak\AbcWarehouse.Plugin.Widgets.Listrak.csproj", "{F6000F4D-F040-4B41-A31F-5759A09F06B6}"
EndProject
Project("{FAE04EC0-301F-11D3-BF4B-00C04F79EFBC}") = "AbcWarehouse.Plugin.Widgets.PercentOffAppliancesMessage", "Plugins\AbcWarehouse.Plugin.Widgets.PercentOffAppliancesMessage\AbcWarehouse.Plugin.Widgets.PercentOffAppliancesMessage.csproj", "{23AB6B24-6860-4814-B4EB-6E5AC24A5D24}"
EndProject
Project("{FAE04EC0-301F-11D3-BF4B-00C04F79EFBC}") = "AbcWarehouse.Plugin.Widgets.PriceSpider", "Plugins\AbcWarehouse.Plugin.Widgets.PriceSpider\AbcWarehouse.Plugin.Widgets.PriceSpider.csproj", "{BEF66364-813C-4D92-B426-B0A9129980EC}"
EndProject
Project("{FAE04EC0-301F-11D3-BF4B-00C04F79EFBC}") = "EllaSoftware.Plugin.Misc.CronTasks", "Plugins\EllaSoftware.Plugin.Misc.CronTasks\EllaSoftware.Plugin.Misc.CronTasks.csproj", "{FF6FFF7D-E33F-487C-92D8-3385B12CC054}"
EndProject
Project("{FAE04EC0-301F-11D3-BF4B-00C04F79EFBC}") = "Nop.Plugin.Misc.AbcExportOrder", "Plugins\Nop.Plugin.Misc.AbcExportOrder\Nop.Plugin.Misc.AbcExportOrder.csproj", "{FAB8E7AD-DC56-4A2D-B596-F2B874073849}"
EndProject
Project("{FAE04EC0-301F-11D3-BF4B-00C04F79EFBC}") = "Nop.Plugin.Misc.AbcMattresses", "Plugins\Nop.Plugin.Misc.AbcMattresses\Nop.Plugin.Misc.AbcMattresses.csproj", "{81FAACC3-8CFE-4026-B83A-BDC7A67E2F60}"
EndProject
Project("{FAE04EC0-301F-11D3-BF4B-00C04F79EFBC}") = "Nop.Plugin.Misc.AbcStatusApi", "Plugins\Nop.Plugin.Misc.AbcStatusApi\Nop.Plugin.Misc.AbcStatusApi.csproj", "{6FDE0B41-6317-4391-95BE-BB1086F22963}"
EndProject
Project("{FAE04EC0-301F-11D3-BF4B-00C04F79EFBC}") = "Nop.Plugin.Misc.FreshAddressNewsletterIntegration", "Plugins\Nop.Plugin.Misc.FreshAddressNewsletterIntegration\Nop.Plugin.Misc.FreshAddressNewsletterIntegration.csproj", "{4DF54CBF-D987-4AE2-BB6D-A8CFDD30FCA0}"
EndProject
Project("{FAE04EC0-301F-11D3-BF4B-00C04F79EFBC}") = "Nop.Plugin.Shipping.HomeDelivery", "Plugins\Nop.Plugin.Shipping.HomeDelivery\Nop.Plugin.Shipping.HomeDelivery.csproj", "{39A2DC1C-9562-4D3D-95C1-A1708F341893}"
EndProject
Project("{FAE04EC0-301F-11D3-BF4B-00C04F79EFBC}") = "Nop.Plugin.Tax.AbcTax", "Plugins\Nop.Plugin.Tax.AbcTax\Nop.Plugin.Tax.AbcTax.csproj", "{20554BA6-CDBB-4D05-A0C0-3B953FF5BB34}"
EndProject
Project("{FAE04EC0-301F-11D3-BF4B-00C04F79EFBC}") = "Nop.Plugin.Widgets.AbcBonusBundle", "Plugins\Nop.Plugin.Widgets.AbcBonusBundle\Nop.Plugin.Widgets.AbcBonusBundle.csproj", "{2B305277-F4F0-49EA-BE6B-ABE9510C96CD}"
EndProject
Project("{FAE04EC0-301F-11D3-BF4B-00C04F79EFBC}") = "Nop.Plugin.Widgets.AbcContactUs", "Plugins\Nop.Plugin.Widgets.AbcContactUs\Nop.Plugin.Widgets.AbcContactUs.csproj", "{C7A3ED37-B3E1-4123-8832-8A48128CCD5C}"
EndProject
Project("{FAE04EC0-301F-11D3-BF4B-00C04F79EFBC}") = "Nop.Plugin.Widgets.AbcEnergyGuide", "Plugins\Nop.Plugin.Widgets.AbcEnergyGuide\Nop.Plugin.Widgets.AbcEnergyGuide.csproj", "{A5674583-1400-45E1-AC37-2B2088E0EFB4}"
EndProject
Project("{FAE04EC0-301F-11D3-BF4B-00C04F79EFBC}") = "Nop.Plugin.Widgets.AbcHomeDeliveryStatus", "Plugins\Nop.Plugin.Widgets.AbcHomeDeliveryStatus\Nop.Plugin.Widgets.AbcHomeDeliveryStatus.csproj", "{612A4BE2-6BC0-4546-818D-C3C2E61080CF}"
EndProject
Project("{FAE04EC0-301F-11D3-BF4B-00C04F79EFBC}") = "Nop.Plugin.Widgets.AbcMarkdownDate", "Plugins\Nop.Plugin.Widgets.AbcMarkdownDate\Nop.Plugin.Widgets.AbcMarkdownDate.csproj", "{19F04359-FC71-465C-A1C6-D443FC002E09}"
EndProject
Project("{FAE04EC0-301F-11D3-BF4B-00C04F79EFBC}") = "Nop.Plugin.Widgets.AbcPickupInStore", "Plugins\Nop.Plugin.Widgets.AbcPickupInStore\Nop.Plugin.Widgets.AbcPickupInStore.csproj", "{F5C379B2-06F4-43BD-BD78-CD9E4ECA8979}"
EndProject
Project("{FAE04EC0-301F-11D3-BF4B-00C04F79EFBC}") = "Nop.Plugin.Widgets.AbcPromos", "Plugins\Nop.Plugin.Widgets.AbcPromos\Nop.Plugin.Widgets.AbcPromos.csproj", "{02444C92-94BC-4374-A27A-CF01C1BB1CB4}"
EndProject
Project("{FAE04EC0-301F-11D3-BF4B-00C04F79EFBC}") = "AbcWarehouse.Plugin.Widgets.Syndigo", "Plugins\AbcWarehouse.Plugin.Widgets.Syndigo\AbcWarehouse.Plugin.Widgets.Syndigo.csproj", "{6448E50E-F0C0-4DB0-9110-1BA31182D2A8}"
EndProject
Global
	GlobalSection(SolutionConfigurationPlatforms) = preSolution
		Debug|Any CPU = Debug|Any CPU
		Debug|Mixed Platforms = Debug|Mixed Platforms
		Debug|x86 = Debug|x86
		Debug|x64 = Debug|x64
		Release|Any CPU = Release|Any CPU
		Release|Mixed Platforms = Release|Mixed Platforms
		Release|x86 = Release|x86
		Release|x64 = Release|x64
	EndGlobalSection
	GlobalSection(ProjectConfigurationPlatforms) = postSolution
		{4F1F649C-1020-45BE-A487-F416D9297FF3}.Debug|Any CPU.ActiveCfg = Debug|Any CPU
		{4F1F649C-1020-45BE-A487-F416D9297FF3}.Debug|Any CPU.Build.0 = Debug|Any CPU
		{4F1F649C-1020-45BE-A487-F416D9297FF3}.Debug|Mixed Platforms.ActiveCfg = Debug|Any CPU
		{4F1F649C-1020-45BE-A487-F416D9297FF3}.Debug|Mixed Platforms.Build.0 = Debug|Any CPU
		{4F1F649C-1020-45BE-A487-F416D9297FF3}.Debug|x86.ActiveCfg = Debug|Any CPU
		{4F1F649C-1020-45BE-A487-F416D9297FF3}.Debug|x64.ActiveCfg = Debug|Any CPU
		{4F1F649C-1020-45BE-A487-F416D9297FF3}.Debug|x64.Build.0 = Debug|Any CPU
		{4F1F649C-1020-45BE-A487-F416D9297FF3}.Release|Any CPU.ActiveCfg = Release|Any CPU
		{4F1F649C-1020-45BE-A487-F416D9297FF3}.Release|Any CPU.Build.0 = Release|Any CPU
		{4F1F649C-1020-45BE-A487-F416D9297FF3}.Release|Mixed Platforms.ActiveCfg = Release|Any CPU
		{4F1F649C-1020-45BE-A487-F416D9297FF3}.Release|Mixed Platforms.Build.0 = Release|Any CPU
		{4F1F649C-1020-45BE-A487-F416D9297FF3}.Release|x86.ActiveCfg = Release|Any CPU
		{4F1F649C-1020-45BE-A487-F416D9297FF3}.Release|x64.ActiveCfg = Release|Any CPU
		{4F1F649C-1020-45BE-A487-F416D9297FF3}.Release|x64.Build.0 = Release|Any CPU
		{6BDA8332-939F-45B7-A25E-7A797260AE59}.Debug|Any CPU.ActiveCfg = Debug|Any CPU
		{6BDA8332-939F-45B7-A25E-7A797260AE59}.Debug|Any CPU.Build.0 = Debug|Any CPU
		{6BDA8332-939F-45B7-A25E-7A797260AE59}.Debug|Mixed Platforms.ActiveCfg = Debug|Any CPU
		{6BDA8332-939F-45B7-A25E-7A797260AE59}.Debug|Mixed Platforms.Build.0 = Debug|Any CPU
		{6BDA8332-939F-45B7-A25E-7A797260AE59}.Debug|x86.ActiveCfg = Debug|Any CPU
		{6BDA8332-939F-45B7-A25E-7A797260AE59}.Debug|x64.ActiveCfg = Debug|Any CPU
		{6BDA8332-939F-45B7-A25E-7A797260AE59}.Debug|x64.Build.0 = Debug|Any CPU
		{6BDA8332-939F-45B7-A25E-7A797260AE59}.Release|Any CPU.ActiveCfg = Release|Any CPU
		{6BDA8332-939F-45B7-A25E-7A797260AE59}.Release|Any CPU.Build.0 = Release|Any CPU
		{6BDA8332-939F-45B7-A25E-7A797260AE59}.Release|Mixed Platforms.ActiveCfg = Release|Any CPU
		{6BDA8332-939F-45B7-A25E-7A797260AE59}.Release|Mixed Platforms.Build.0 = Release|Any CPU
		{6BDA8332-939F-45B7-A25E-7A797260AE59}.Release|x86.ActiveCfg = Release|Any CPU
		{6BDA8332-939F-45B7-A25E-7A797260AE59}.Release|x64.ActiveCfg = Release|Any CPU
		{6BDA8332-939F-45B7-A25E-7A797260AE59}.Release|x64.Build.0 = Release|Any CPU
		{CCD7F2C9-6A2C-4CF0-8E89-076B8FC0F144}.Debug|Any CPU.ActiveCfg = Debug|Any CPU
		{CCD7F2C9-6A2C-4CF0-8E89-076B8FC0F144}.Debug|Any CPU.Build.0 = Debug|Any CPU
		{CCD7F2C9-6A2C-4CF0-8E89-076B8FC0F144}.Debug|Mixed Platforms.ActiveCfg = Debug|Any CPU
		{CCD7F2C9-6A2C-4CF0-8E89-076B8FC0F144}.Debug|Mixed Platforms.Build.0 = Debug|Any CPU
		{CCD7F2C9-6A2C-4CF0-8E89-076B8FC0F144}.Debug|x86.ActiveCfg = Debug|Any CPU
		{CCD7F2C9-6A2C-4CF0-8E89-076B8FC0F144}.Debug|x64.ActiveCfg = Debug|Any CPU
		{CCD7F2C9-6A2C-4CF0-8E89-076B8FC0F144}.Debug|x64.Build.0 = Debug|Any CPU
		{CCD7F2C9-6A2C-4CF0-8E89-076B8FC0F144}.Release|Any CPU.ActiveCfg = Release|Any CPU
		{CCD7F2C9-6A2C-4CF0-8E89-076B8FC0F144}.Release|Any CPU.Build.0 = Release|Any CPU
		{CCD7F2C9-6A2C-4CF0-8E89-076B8FC0F144}.Release|Mixed Platforms.ActiveCfg = Release|Any CPU
		{CCD7F2C9-6A2C-4CF0-8E89-076B8FC0F144}.Release|Mixed Platforms.Build.0 = Release|Any CPU
		{CCD7F2C9-6A2C-4CF0-8E89-076B8FC0F144}.Release|x86.ActiveCfg = Release|Any CPU
		{CCD7F2C9-6A2C-4CF0-8E89-076B8FC0F144}.Release|x64.ActiveCfg = Release|Any CPU
		{CCD7F2C9-6A2C-4CF0-8E89-076B8FC0F144}.Release|x64.Build.0 = Release|Any CPU
		{210541AD-F659-47DA-8763-16F36C5CD2F4}.Debug|Any CPU.ActiveCfg = Debug|Any CPU
		{210541AD-F659-47DA-8763-16F36C5CD2F4}.Debug|Any CPU.Build.0 = Debug|Any CPU
		{210541AD-F659-47DA-8763-16F36C5CD2F4}.Debug|Mixed Platforms.ActiveCfg = Debug|Any CPU
		{210541AD-F659-47DA-8763-16F36C5CD2F4}.Debug|Mixed Platforms.Build.0 = Debug|Any CPU
		{210541AD-F659-47DA-8763-16F36C5CD2F4}.Debug|x86.ActiveCfg = Debug|Any CPU
		{210541AD-F659-47DA-8763-16F36C5CD2F4}.Debug|x64.ActiveCfg = Debug|Any CPU
		{210541AD-F659-47DA-8763-16F36C5CD2F4}.Debug|x64.Build.0 = Debug|Any CPU
		{210541AD-F659-47DA-8763-16F36C5CD2F4}.Release|Any CPU.ActiveCfg = Release|Any CPU
		{210541AD-F659-47DA-8763-16F36C5CD2F4}.Release|Any CPU.Build.0 = Release|Any CPU
		{210541AD-F659-47DA-8763-16F36C5CD2F4}.Release|Mixed Platforms.ActiveCfg = Release|Any CPU
		{210541AD-F659-47DA-8763-16F36C5CD2F4}.Release|Mixed Platforms.Build.0 = Release|Any CPU
		{210541AD-F659-47DA-8763-16F36C5CD2F4}.Release|x86.ActiveCfg = Release|Any CPU
		{210541AD-F659-47DA-8763-16F36C5CD2F4}.Release|x64.ActiveCfg = Release|Any CPU
		{210541AD-F659-47DA-8763-16F36C5CD2F4}.Release|x64.Build.0 = Release|Any CPU
		{9A7B9344-6AD0-4828-876D-0BF14C177148}.Debug|Any CPU.ActiveCfg = Debug|Any CPU
		{9A7B9344-6AD0-4828-876D-0BF14C177148}.Debug|Any CPU.Build.0 = Debug|Any CPU
		{9A7B9344-6AD0-4828-876D-0BF14C177148}.Debug|Mixed Platforms.ActiveCfg = Debug|Any CPU
		{9A7B9344-6AD0-4828-876D-0BF14C177148}.Debug|Mixed Platforms.Build.0 = Debug|Any CPU
		{9A7B9344-6AD0-4828-876D-0BF14C177148}.Debug|x86.ActiveCfg = Debug|Any CPU
		{9A7B9344-6AD0-4828-876D-0BF14C177148}.Debug|x64.ActiveCfg = Debug|Any CPU
		{9A7B9344-6AD0-4828-876D-0BF14C177148}.Debug|x64.Build.0 = Debug|Any CPU
		{9A7B9344-6AD0-4828-876D-0BF14C177148}.Release|Any CPU.ActiveCfg = Release|Any CPU
		{9A7B9344-6AD0-4828-876D-0BF14C177148}.Release|Any CPU.Build.0 = Release|Any CPU
		{9A7B9344-6AD0-4828-876D-0BF14C177148}.Release|Mixed Platforms.ActiveCfg = Release|Any CPU
		{9A7B9344-6AD0-4828-876D-0BF14C177148}.Release|Mixed Platforms.Build.0 = Release|Any CPU
		{9A7B9344-6AD0-4828-876D-0BF14C177148}.Release|x86.ActiveCfg = Release|Any CPU
		{9A7B9344-6AD0-4828-876D-0BF14C177148}.Release|x64.ActiveCfg = Release|Any CPU
		{9A7B9344-6AD0-4828-876D-0BF14C177148}.Release|x64.Build.0 = Release|Any CPU
		{75FD4163-333C-4DD5-854D-2EF294E45D94}.Debug|Any CPU.ActiveCfg = Debug|Any CPU
		{75FD4163-333C-4DD5-854D-2EF294E45D94}.Debug|Any CPU.Build.0 = Debug|Any CPU
		{75FD4163-333C-4DD5-854D-2EF294E45D94}.Debug|Mixed Platforms.ActiveCfg = Debug|Any CPU
		{75FD4163-333C-4DD5-854D-2EF294E45D94}.Debug|Mixed Platforms.Build.0 = Debug|Any CPU
		{75FD4163-333C-4DD5-854D-2EF294E45D94}.Debug|x86.ActiveCfg = Debug|Any CPU
		{75FD4163-333C-4DD5-854D-2EF294E45D94}.Debug|x64.ActiveCfg = Debug|Any CPU
		{75FD4163-333C-4DD5-854D-2EF294E45D94}.Debug|x64.Build.0 = Debug|Any CPU
		{75FD4163-333C-4DD5-854D-2EF294E45D94}.Release|Any CPU.ActiveCfg = Release|Any CPU
		{75FD4163-333C-4DD5-854D-2EF294E45D94}.Release|Any CPU.Build.0 = Release|Any CPU
		{75FD4163-333C-4DD5-854D-2EF294E45D94}.Release|Mixed Platforms.ActiveCfg = Release|Any CPU
		{75FD4163-333C-4DD5-854D-2EF294E45D94}.Release|Mixed Platforms.Build.0 = Release|Any CPU
		{75FD4163-333C-4DD5-854D-2EF294E45D94}.Release|x86.ActiveCfg = Release|Any CPU
		{75FD4163-333C-4DD5-854D-2EF294E45D94}.Release|x64.ActiveCfg = Release|Any CPU
		{75FD4163-333C-4DD5-854D-2EF294E45D94}.Release|x64.Build.0 = Release|Any CPU
		{FD31C133-B4DE-4BB2-B327-1D0E2F2C95D4}.Debug|Any CPU.ActiveCfg = Debug|Any CPU
		{FD31C133-B4DE-4BB2-B327-1D0E2F2C95D4}.Debug|Any CPU.Build.0 = Debug|Any CPU
		{FD31C133-B4DE-4BB2-B327-1D0E2F2C95D4}.Debug|Mixed Platforms.ActiveCfg = Debug|Any CPU
		{FD31C133-B4DE-4BB2-B327-1D0E2F2C95D4}.Debug|Mixed Platforms.Build.0 = Debug|Any CPU
		{FD31C133-B4DE-4BB2-B327-1D0E2F2C95D4}.Debug|x86.ActiveCfg = Debug|Any CPU
		{FD31C133-B4DE-4BB2-B327-1D0E2F2C95D4}.Debug|x86.Build.0 = Debug|Any CPU
		{FD31C133-B4DE-4BB2-B327-1D0E2F2C95D4}.Debug|x64.ActiveCfg = Debug|Any CPU
		{FD31C133-B4DE-4BB2-B327-1D0E2F2C95D4}.Debug|x64.Build.0 = Debug|Any CPU
		{FD31C133-B4DE-4BB2-B327-1D0E2F2C95D4}.Release|Any CPU.ActiveCfg = Release|Any CPU
		{FD31C133-B4DE-4BB2-B327-1D0E2F2C95D4}.Release|Any CPU.Build.0 = Release|Any CPU
		{FD31C133-B4DE-4BB2-B327-1D0E2F2C95D4}.Release|Mixed Platforms.ActiveCfg = Release|Any CPU
		{FD31C133-B4DE-4BB2-B327-1D0E2F2C95D4}.Release|Mixed Platforms.Build.0 = Release|Any CPU
		{FD31C133-B4DE-4BB2-B327-1D0E2F2C95D4}.Release|x86.ActiveCfg = Release|Any CPU
		{FD31C133-B4DE-4BB2-B327-1D0E2F2C95D4}.Release|x86.Build.0 = Release|Any CPU
		{FD31C133-B4DE-4BB2-B327-1D0E2F2C95D4}.Release|x64.ActiveCfg = Release|Any CPU
		{FD31C133-B4DE-4BB2-B327-1D0E2F2C95D4}.Release|x64.Build.0 = Release|Any CPU
		{DD50A010-A00C-4CC6-B0BC-5E00C9EB4A25}.Debug|Any CPU.ActiveCfg = Debug|Any CPU
		{DD50A010-A00C-4CC6-B0BC-5E00C9EB4A25}.Debug|Any CPU.Build.0 = Debug|Any CPU
		{DD50A010-A00C-4CC6-B0BC-5E00C9EB4A25}.Debug|Mixed Platforms.ActiveCfg = Debug|Any CPU
		{DD50A010-A00C-4CC6-B0BC-5E00C9EB4A25}.Debug|Mixed Platforms.Build.0 = Debug|Any CPU
		{DD50A010-A00C-4CC6-B0BC-5E00C9EB4A25}.Debug|x86.ActiveCfg = Debug|Any CPU
		{DD50A010-A00C-4CC6-B0BC-5E00C9EB4A25}.Debug|x86.Build.0 = Debug|Any CPU
		{DD50A010-A00C-4CC6-B0BC-5E00C9EB4A25}.Debug|x64.ActiveCfg = Debug|Any CPU
		{DD50A010-A00C-4CC6-B0BC-5E00C9EB4A25}.Debug|x64.Build.0 = Debug|Any CPU
		{DD50A010-A00C-4CC6-B0BC-5E00C9EB4A25}.Release|Any CPU.ActiveCfg = Release|Any CPU
		{DD50A010-A00C-4CC6-B0BC-5E00C9EB4A25}.Release|Any CPU.Build.0 = Release|Any CPU
		{DD50A010-A00C-4CC6-B0BC-5E00C9EB4A25}.Release|Mixed Platforms.ActiveCfg = Release|Any CPU
		{DD50A010-A00C-4CC6-B0BC-5E00C9EB4A25}.Release|Mixed Platforms.Build.0 = Release|Any CPU
		{DD50A010-A00C-4CC6-B0BC-5E00C9EB4A25}.Release|x86.ActiveCfg = Release|Any CPU
		{DD50A010-A00C-4CC6-B0BC-5E00C9EB4A25}.Release|x86.Build.0 = Release|Any CPU
		{DD50A010-A00C-4CC6-B0BC-5E00C9EB4A25}.Release|x64.ActiveCfg = Release|Any CPU
		{DD50A010-A00C-4CC6-B0BC-5E00C9EB4A25}.Release|x64.Build.0 = Release|Any CPU
		{6D172051-A383-4BA6-A263-CEA19E7A6D2E}.Debug|Any CPU.ActiveCfg = Debug|Any CPU
		{6D172051-A383-4BA6-A263-CEA19E7A6D2E}.Debug|Any CPU.Build.0 = Debug|Any CPU
		{6D172051-A383-4BA6-A263-CEA19E7A6D2E}.Debug|Mixed Platforms.ActiveCfg = Debug|Any CPU
		{6D172051-A383-4BA6-A263-CEA19E7A6D2E}.Debug|Mixed Platforms.Build.0 = Debug|Any CPU
		{6D172051-A383-4BA6-A263-CEA19E7A6D2E}.Debug|x86.ActiveCfg = Debug|Any CPU
		{6D172051-A383-4BA6-A263-CEA19E7A6D2E}.Debug|x86.Build.0 = Debug|Any CPU
		{6D172051-A383-4BA6-A263-CEA19E7A6D2E}.Debug|x64.ActiveCfg = Debug|Any CPU
		{6D172051-A383-4BA6-A263-CEA19E7A6D2E}.Debug|x64.Build.0 = Debug|Any CPU
		{6D172051-A383-4BA6-A263-CEA19E7A6D2E}.Release|Any CPU.ActiveCfg = Release|Any CPU
		{6D172051-A383-4BA6-A263-CEA19E7A6D2E}.Release|Any CPU.Build.0 = Release|Any CPU
		{6D172051-A383-4BA6-A263-CEA19E7A6D2E}.Release|Mixed Platforms.ActiveCfg = Release|Any CPU
		{6D172051-A383-4BA6-A263-CEA19E7A6D2E}.Release|Mixed Platforms.Build.0 = Release|Any CPU
		{6D172051-A383-4BA6-A263-CEA19E7A6D2E}.Release|x86.ActiveCfg = Release|Any CPU
		{6D172051-A383-4BA6-A263-CEA19E7A6D2E}.Release|x86.Build.0 = Release|Any CPU
		{6D172051-A383-4BA6-A263-CEA19E7A6D2E}.Release|x64.ActiveCfg = Release|Any CPU
		{6D172051-A383-4BA6-A263-CEA19E7A6D2E}.Release|x64.Build.0 = Release|Any CPU
		{2196E5AF-7BFF-45B0-A376-D91A2C82DC71}.Debug|Any CPU.ActiveCfg = Debug|Any CPU
		{2196E5AF-7BFF-45B0-A376-D91A2C82DC71}.Debug|Any CPU.Build.0 = Debug|Any CPU
		{2196E5AF-7BFF-45B0-A376-D91A2C82DC71}.Debug|Mixed Platforms.ActiveCfg = Debug|Any CPU
		{2196E5AF-7BFF-45B0-A376-D91A2C82DC71}.Debug|Mixed Platforms.Build.0 = Debug|Any CPU
		{2196E5AF-7BFF-45B0-A376-D91A2C82DC71}.Debug|x86.ActiveCfg = Debug|Any CPU
		{2196E5AF-7BFF-45B0-A376-D91A2C82DC71}.Debug|x86.Build.0 = Debug|Any CPU
		{2196E5AF-7BFF-45B0-A376-D91A2C82DC71}.Debug|x64.ActiveCfg = Debug|Any CPU
		{2196E5AF-7BFF-45B0-A376-D91A2C82DC71}.Debug|x64.Build.0 = Debug|Any CPU
		{2196E5AF-7BFF-45B0-A376-D91A2C82DC71}.Release|Any CPU.ActiveCfg = Release|Any CPU
		{2196E5AF-7BFF-45B0-A376-D91A2C82DC71}.Release|Any CPU.Build.0 = Release|Any CPU
		{2196E5AF-7BFF-45B0-A376-D91A2C82DC71}.Release|Mixed Platforms.ActiveCfg = Release|Any CPU
		{2196E5AF-7BFF-45B0-A376-D91A2C82DC71}.Release|Mixed Platforms.Build.0 = Release|Any CPU
		{2196E5AF-7BFF-45B0-A376-D91A2C82DC71}.Release|x86.ActiveCfg = Release|Any CPU
		{2196E5AF-7BFF-45B0-A376-D91A2C82DC71}.Release|x86.Build.0 = Release|Any CPU
		{2196E5AF-7BFF-45B0-A376-D91A2C82DC71}.Release|x64.ActiveCfg = Release|Any CPU
		{2196E5AF-7BFF-45B0-A376-D91A2C82DC71}.Release|x64.Build.0 = Release|Any CPU
		{3E1116F2-81AF-4B38-948D-CDCFBBFDD254}.Debug|Any CPU.ActiveCfg = Debug|Any CPU
		{3E1116F2-81AF-4B38-948D-CDCFBBFDD254}.Debug|Any CPU.Build.0 = Debug|Any CPU
		{3E1116F2-81AF-4B38-948D-CDCFBBFDD254}.Debug|Mixed Platforms.ActiveCfg = Debug|Any CPU
		{3E1116F2-81AF-4B38-948D-CDCFBBFDD254}.Debug|Mixed Platforms.Build.0 = Debug|Any CPU
		{3E1116F2-81AF-4B38-948D-CDCFBBFDD254}.Debug|x86.ActiveCfg = Debug|Any CPU
		{3E1116F2-81AF-4B38-948D-CDCFBBFDD254}.Debug|x86.Build.0 = Debug|Any CPU
		{3E1116F2-81AF-4B38-948D-CDCFBBFDD254}.Debug|x64.ActiveCfg = Debug|Any CPU
		{3E1116F2-81AF-4B38-948D-CDCFBBFDD254}.Debug|x64.Build.0 = Debug|Any CPU
		{3E1116F2-81AF-4B38-948D-CDCFBBFDD254}.Release|Any CPU.ActiveCfg = Release|Any CPU
		{3E1116F2-81AF-4B38-948D-CDCFBBFDD254}.Release|Any CPU.Build.0 = Release|Any CPU
		{3E1116F2-81AF-4B38-948D-CDCFBBFDD254}.Release|Mixed Platforms.ActiveCfg = Release|Any CPU
		{3E1116F2-81AF-4B38-948D-CDCFBBFDD254}.Release|Mixed Platforms.Build.0 = Release|Any CPU
		{3E1116F2-81AF-4B38-948D-CDCFBBFDD254}.Release|x86.ActiveCfg = Release|Any CPU
		{3E1116F2-81AF-4B38-948D-CDCFBBFDD254}.Release|x86.Build.0 = Release|Any CPU
		{3E1116F2-81AF-4B38-948D-CDCFBBFDD254}.Release|x64.ActiveCfg = Release|Any CPU
		{3E1116F2-81AF-4B38-948D-CDCFBBFDD254}.Release|x64.Build.0 = Release|Any CPU
		{75A95C16-9710-4421-8C0F-6876FA87BE9C}.Debug|Any CPU.ActiveCfg = Debug|Any CPU
		{75A95C16-9710-4421-8C0F-6876FA87BE9C}.Debug|Any CPU.Build.0 = Debug|Any CPU
		{75A95C16-9710-4421-8C0F-6876FA87BE9C}.Debug|Mixed Platforms.ActiveCfg = Debug|Any CPU
		{75A95C16-9710-4421-8C0F-6876FA87BE9C}.Debug|Mixed Platforms.Build.0 = Debug|Any CPU
		{75A95C16-9710-4421-8C0F-6876FA87BE9C}.Debug|x86.ActiveCfg = Debug|Any CPU
		{75A95C16-9710-4421-8C0F-6876FA87BE9C}.Debug|x86.Build.0 = Debug|Any CPU
		{75A95C16-9710-4421-8C0F-6876FA87BE9C}.Debug|x64.ActiveCfg = Debug|Any CPU
		{75A95C16-9710-4421-8C0F-6876FA87BE9C}.Debug|x64.Build.0 = Debug|Any CPU
		{75A95C16-9710-4421-8C0F-6876FA87BE9C}.Release|Any CPU.ActiveCfg = Release|Any CPU
		{75A95C16-9710-4421-8C0F-6876FA87BE9C}.Release|Any CPU.Build.0 = Release|Any CPU
		{75A95C16-9710-4421-8C0F-6876FA87BE9C}.Release|Mixed Platforms.ActiveCfg = Release|Any CPU
		{75A95C16-9710-4421-8C0F-6876FA87BE9C}.Release|Mixed Platforms.Build.0 = Release|Any CPU
		{75A95C16-9710-4421-8C0F-6876FA87BE9C}.Release|x86.ActiveCfg = Release|Any CPU
		{75A95C16-9710-4421-8C0F-6876FA87BE9C}.Release|x86.Build.0 = Release|Any CPU
		{75A95C16-9710-4421-8C0F-6876FA87BE9C}.Release|x64.ActiveCfg = Release|Any CPU
		{75A95C16-9710-4421-8C0F-6876FA87BE9C}.Release|x64.Build.0 = Release|Any CPU
		{5556E386-F732-4B0F-AE24-ADA2C78461F9}.Debug|Any CPU.ActiveCfg = Debug|Any CPU
		{5556E386-F732-4B0F-AE24-ADA2C78461F9}.Debug|Any CPU.Build.0 = Debug|Any CPU
		{5556E386-F732-4B0F-AE24-ADA2C78461F9}.Debug|Mixed Platforms.ActiveCfg = Debug|Any CPU
		{5556E386-F732-4B0F-AE24-ADA2C78461F9}.Debug|Mixed Platforms.Build.0 = Debug|Any CPU
		{5556E386-F732-4B0F-AE24-ADA2C78461F9}.Debug|x86.ActiveCfg = Debug|Any CPU
		{5556E386-F732-4B0F-AE24-ADA2C78461F9}.Debug|x86.Build.0 = Debug|Any CPU
		{5556E386-F732-4B0F-AE24-ADA2C78461F9}.Debug|x64.ActiveCfg = Debug|Any CPU
		{5556E386-F732-4B0F-AE24-ADA2C78461F9}.Debug|x64.Build.0 = Debug|Any CPU
		{5556E386-F732-4B0F-AE24-ADA2C78461F9}.Release|Any CPU.ActiveCfg = Release|Any CPU
		{5556E386-F732-4B0F-AE24-ADA2C78461F9}.Release|Any CPU.Build.0 = Release|Any CPU
		{5556E386-F732-4B0F-AE24-ADA2C78461F9}.Release|Mixed Platforms.ActiveCfg = Release|Any CPU
		{5556E386-F732-4B0F-AE24-ADA2C78461F9}.Release|Mixed Platforms.Build.0 = Release|Any CPU
		{5556E386-F732-4B0F-AE24-ADA2C78461F9}.Release|x86.ActiveCfg = Release|Any CPU
		{5556E386-F732-4B0F-AE24-ADA2C78461F9}.Release|x86.Build.0 = Release|Any CPU
		{5556E386-F732-4B0F-AE24-ADA2C78461F9}.Release|x64.ActiveCfg = Release|Any CPU
		{5556E386-F732-4B0F-AE24-ADA2C78461F9}.Release|x64.Build.0 = Release|Any CPU
		{7D19A236-B85D-400C-B362-B6249C44DC7D}.Debug|Any CPU.ActiveCfg = Debug|Any CPU
		{7D19A236-B85D-400C-B362-B6249C44DC7D}.Debug|Any CPU.Build.0 = Debug|Any CPU
		{7D19A236-B85D-400C-B362-B6249C44DC7D}.Debug|Mixed Platforms.ActiveCfg = Debug|Any CPU
		{7D19A236-B85D-400C-B362-B6249C44DC7D}.Debug|Mixed Platforms.Build.0 = Debug|Any CPU
		{7D19A236-B85D-400C-B362-B6249C44DC7D}.Debug|x86.ActiveCfg = Debug|Any CPU
		{7D19A236-B85D-400C-B362-B6249C44DC7D}.Debug|x86.Build.0 = Debug|Any CPU
		{7D19A236-B85D-400C-B362-B6249C44DC7D}.Debug|x64.ActiveCfg = Debug|Any CPU
		{7D19A236-B85D-400C-B362-B6249C44DC7D}.Debug|x64.Build.0 = Debug|Any CPU
		{7D19A236-B85D-400C-B362-B6249C44DC7D}.Release|Any CPU.ActiveCfg = Release|Any CPU
		{7D19A236-B85D-400C-B362-B6249C44DC7D}.Release|Any CPU.Build.0 = Release|Any CPU
		{7D19A236-B85D-400C-B362-B6249C44DC7D}.Release|Mixed Platforms.ActiveCfg = Release|Any CPU
		{7D19A236-B85D-400C-B362-B6249C44DC7D}.Release|Mixed Platforms.Build.0 = Release|Any CPU
		{7D19A236-B85D-400C-B362-B6249C44DC7D}.Release|x86.ActiveCfg = Release|Any CPU
		{7D19A236-B85D-400C-B362-B6249C44DC7D}.Release|x86.Build.0 = Release|Any CPU
		{7D19A236-B85D-400C-B362-B6249C44DC7D}.Release|x64.ActiveCfg = Release|Any CPU
		{7D19A236-B85D-400C-B362-B6249C44DC7D}.Release|x64.Build.0 = Release|Any CPU
		{BA03DBAD-220D-4546-BC6C-4BAFA797F98B}.Debug|Any CPU.ActiveCfg = Debug|Any CPU
		{BA03DBAD-220D-4546-BC6C-4BAFA797F98B}.Debug|Any CPU.Build.0 = Debug|Any CPU
		{BA03DBAD-220D-4546-BC6C-4BAFA797F98B}.Debug|Mixed Platforms.ActiveCfg = Debug|Any CPU
		{BA03DBAD-220D-4546-BC6C-4BAFA797F98B}.Debug|Mixed Platforms.Build.0 = Debug|Any CPU
		{BA03DBAD-220D-4546-BC6C-4BAFA797F98B}.Debug|x86.ActiveCfg = Debug|Any CPU
		{BA03DBAD-220D-4546-BC6C-4BAFA797F98B}.Debug|x86.Build.0 = Debug|Any CPU
		{BA03DBAD-220D-4546-BC6C-4BAFA797F98B}.Debug|x64.ActiveCfg = Debug|Any CPU
		{BA03DBAD-220D-4546-BC6C-4BAFA797F98B}.Debug|x64.Build.0 = Debug|Any CPU
		{BA03DBAD-220D-4546-BC6C-4BAFA797F98B}.Release|Any CPU.ActiveCfg = Release|Any CPU
		{BA03DBAD-220D-4546-BC6C-4BAFA797F98B}.Release|Any CPU.Build.0 = Release|Any CPU
		{BA03DBAD-220D-4546-BC6C-4BAFA797F98B}.Release|Mixed Platforms.ActiveCfg = Release|Any CPU
		{BA03DBAD-220D-4546-BC6C-4BAFA797F98B}.Release|Mixed Platforms.Build.0 = Release|Any CPU
		{BA03DBAD-220D-4546-BC6C-4BAFA797F98B}.Release|x86.ActiveCfg = Release|Any CPU
		{BA03DBAD-220D-4546-BC6C-4BAFA797F98B}.Release|x86.Build.0 = Release|Any CPU
		{BA03DBAD-220D-4546-BC6C-4BAFA797F98B}.Release|x64.ActiveCfg = Release|Any CPU
		{BA03DBAD-220D-4546-BC6C-4BAFA797F98B}.Release|x64.Build.0 = Release|Any CPU
		{79882766-8D58-44B9-A68F-DD77E7449077}.Debug|Any CPU.ActiveCfg = Debug|Any CPU
		{79882766-8D58-44B9-A68F-DD77E7449077}.Debug|Any CPU.Build.0 = Debug|Any CPU
		{79882766-8D58-44B9-A68F-DD77E7449077}.Debug|Mixed Platforms.ActiveCfg = Debug|Any CPU
		{79882766-8D58-44B9-A68F-DD77E7449077}.Debug|Mixed Platforms.Build.0 = Debug|Any CPU
		{79882766-8D58-44B9-A68F-DD77E7449077}.Debug|x86.ActiveCfg = Debug|Any CPU
		{79882766-8D58-44B9-A68F-DD77E7449077}.Debug|x86.Build.0 = Debug|Any CPU
		{79882766-8D58-44B9-A68F-DD77E7449077}.Debug|x64.ActiveCfg = Debug|Any CPU
		{79882766-8D58-44B9-A68F-DD77E7449077}.Debug|x64.Build.0 = Debug|Any CPU
		{79882766-8D58-44B9-A68F-DD77E7449077}.Release|Any CPU.ActiveCfg = Release|Any CPU
		{79882766-8D58-44B9-A68F-DD77E7449077}.Release|Any CPU.Build.0 = Release|Any CPU
		{79882766-8D58-44B9-A68F-DD77E7449077}.Release|Mixed Platforms.ActiveCfg = Release|Any CPU
		{79882766-8D58-44B9-A68F-DD77E7449077}.Release|Mixed Platforms.Build.0 = Release|Any CPU
		{79882766-8D58-44B9-A68F-DD77E7449077}.Release|x86.ActiveCfg = Release|Any CPU
		{79882766-8D58-44B9-A68F-DD77E7449077}.Release|x86.Build.0 = Release|Any CPU
		{79882766-8D58-44B9-A68F-DD77E7449077}.Release|x64.ActiveCfg = Release|Any CPU
		{79882766-8D58-44B9-A68F-DD77E7449077}.Release|x64.Build.0 = Release|Any CPU
		{F6000F4D-F040-4B41-A31F-5759A09F06B6}.Debug|Any CPU.ActiveCfg = Debug|Any CPU
		{F6000F4D-F040-4B41-A31F-5759A09F06B6}.Debug|Any CPU.Build.0 = Debug|Any CPU
		{F6000F4D-F040-4B41-A31F-5759A09F06B6}.Debug|Mixed Platforms.ActiveCfg = Debug|Any CPU
		{F6000F4D-F040-4B41-A31F-5759A09F06B6}.Debug|Mixed Platforms.Build.0 = Debug|Any CPU
		{F6000F4D-F040-4B41-A31F-5759A09F06B6}.Debug|x86.ActiveCfg = Debug|Any CPU
		{F6000F4D-F040-4B41-A31F-5759A09F06B6}.Debug|x86.Build.0 = Debug|Any CPU
		{F6000F4D-F040-4B41-A31F-5759A09F06B6}.Debug|x64.ActiveCfg = Debug|Any CPU
		{F6000F4D-F040-4B41-A31F-5759A09F06B6}.Debug|x64.Build.0 = Debug|Any CPU
		{F6000F4D-F040-4B41-A31F-5759A09F06B6}.Release|Any CPU.ActiveCfg = Release|Any CPU
		{F6000F4D-F040-4B41-A31F-5759A09F06B6}.Release|Any CPU.Build.0 = Release|Any CPU
		{F6000F4D-F040-4B41-A31F-5759A09F06B6}.Release|Mixed Platforms.ActiveCfg = Release|Any CPU
		{F6000F4D-F040-4B41-A31F-5759A09F06B6}.Release|Mixed Platforms.Build.0 = Release|Any CPU
		{F6000F4D-F040-4B41-A31F-5759A09F06B6}.Release|x86.ActiveCfg = Release|Any CPU
		{F6000F4D-F040-4B41-A31F-5759A09F06B6}.Release|x86.Build.0 = Release|Any CPU
		{F6000F4D-F040-4B41-A31F-5759A09F06B6}.Release|x64.ActiveCfg = Release|Any CPU
		{F6000F4D-F040-4B41-A31F-5759A09F06B6}.Release|x64.Build.0 = Release|Any CPU
		{23AB6B24-6860-4814-B4EB-6E5AC24A5D24}.Debug|Any CPU.ActiveCfg = Debug|Any CPU
		{23AB6B24-6860-4814-B4EB-6E5AC24A5D24}.Debug|Any CPU.Build.0 = Debug|Any CPU
		{23AB6B24-6860-4814-B4EB-6E5AC24A5D24}.Debug|Mixed Platforms.ActiveCfg = Debug|Any CPU
		{23AB6B24-6860-4814-B4EB-6E5AC24A5D24}.Debug|Mixed Platforms.Build.0 = Debug|Any CPU
		{23AB6B24-6860-4814-B4EB-6E5AC24A5D24}.Debug|x86.ActiveCfg = Debug|Any CPU
		{23AB6B24-6860-4814-B4EB-6E5AC24A5D24}.Debug|x86.Build.0 = Debug|Any CPU
		{23AB6B24-6860-4814-B4EB-6E5AC24A5D24}.Debug|x64.ActiveCfg = Debug|Any CPU
		{23AB6B24-6860-4814-B4EB-6E5AC24A5D24}.Debug|x64.Build.0 = Debug|Any CPU
		{23AB6B24-6860-4814-B4EB-6E5AC24A5D24}.Release|Any CPU.ActiveCfg = Release|Any CPU
		{23AB6B24-6860-4814-B4EB-6E5AC24A5D24}.Release|Any CPU.Build.0 = Release|Any CPU
		{23AB6B24-6860-4814-B4EB-6E5AC24A5D24}.Release|Mixed Platforms.ActiveCfg = Release|Any CPU
		{23AB6B24-6860-4814-B4EB-6E5AC24A5D24}.Release|Mixed Platforms.Build.0 = Release|Any CPU
		{23AB6B24-6860-4814-B4EB-6E5AC24A5D24}.Release|x86.ActiveCfg = Release|Any CPU
		{23AB6B24-6860-4814-B4EB-6E5AC24A5D24}.Release|x86.Build.0 = Release|Any CPU
		{23AB6B24-6860-4814-B4EB-6E5AC24A5D24}.Release|x64.ActiveCfg = Release|Any CPU
		{23AB6B24-6860-4814-B4EB-6E5AC24A5D24}.Release|x64.Build.0 = Release|Any CPU
		{BEF66364-813C-4D92-B426-B0A9129980EC}.Debug|Any CPU.ActiveCfg = Debug|Any CPU
		{BEF66364-813C-4D92-B426-B0A9129980EC}.Debug|Any CPU.Build.0 = Debug|Any CPU
		{BEF66364-813C-4D92-B426-B0A9129980EC}.Debug|Mixed Platforms.ActiveCfg = Debug|Any CPU
		{BEF66364-813C-4D92-B426-B0A9129980EC}.Debug|Mixed Platforms.Build.0 = Debug|Any CPU
		{BEF66364-813C-4D92-B426-B0A9129980EC}.Debug|x86.ActiveCfg = Debug|Any CPU
		{BEF66364-813C-4D92-B426-B0A9129980EC}.Debug|x86.Build.0 = Debug|Any CPU
		{BEF66364-813C-4D92-B426-B0A9129980EC}.Debug|x64.ActiveCfg = Debug|Any CPU
		{BEF66364-813C-4D92-B426-B0A9129980EC}.Debug|x64.Build.0 = Debug|Any CPU
		{BEF66364-813C-4D92-B426-B0A9129980EC}.Release|Any CPU.ActiveCfg = Release|Any CPU
		{BEF66364-813C-4D92-B426-B0A9129980EC}.Release|Any CPU.Build.0 = Release|Any CPU
		{BEF66364-813C-4D92-B426-B0A9129980EC}.Release|Mixed Platforms.ActiveCfg = Release|Any CPU
		{BEF66364-813C-4D92-B426-B0A9129980EC}.Release|Mixed Platforms.Build.0 = Release|Any CPU
		{BEF66364-813C-4D92-B426-B0A9129980EC}.Release|x86.ActiveCfg = Release|Any CPU
		{BEF66364-813C-4D92-B426-B0A9129980EC}.Release|x86.Build.0 = Release|Any CPU
		{BEF66364-813C-4D92-B426-B0A9129980EC}.Release|x64.ActiveCfg = Release|Any CPU
		{BEF66364-813C-4D92-B426-B0A9129980EC}.Release|x64.Build.0 = Release|Any CPU
		{FF6FFF7D-E33F-487C-92D8-3385B12CC054}.Debug|Any CPU.ActiveCfg = Debug|Any CPU
		{FF6FFF7D-E33F-487C-92D8-3385B12CC054}.Debug|Any CPU.Build.0 = Debug|Any CPU
		{FF6FFF7D-E33F-487C-92D8-3385B12CC054}.Debug|Mixed Platforms.ActiveCfg = Debug|Any CPU
		{FF6FFF7D-E33F-487C-92D8-3385B12CC054}.Debug|Mixed Platforms.Build.0 = Debug|Any CPU
		{FF6FFF7D-E33F-487C-92D8-3385B12CC054}.Debug|x86.ActiveCfg = Debug|Any CPU
		{FF6FFF7D-E33F-487C-92D8-3385B12CC054}.Debug|x86.Build.0 = Debug|Any CPU
		{FF6FFF7D-E33F-487C-92D8-3385B12CC054}.Debug|x64.ActiveCfg = Debug|Any CPU
		{FF6FFF7D-E33F-487C-92D8-3385B12CC054}.Debug|x64.Build.0 = Debug|Any CPU
		{FF6FFF7D-E33F-487C-92D8-3385B12CC054}.Release|Any CPU.ActiveCfg = Release|Any CPU
		{FF6FFF7D-E33F-487C-92D8-3385B12CC054}.Release|Any CPU.Build.0 = Release|Any CPU
		{FF6FFF7D-E33F-487C-92D8-3385B12CC054}.Release|Mixed Platforms.ActiveCfg = Release|Any CPU
		{FF6FFF7D-E33F-487C-92D8-3385B12CC054}.Release|Mixed Platforms.Build.0 = Release|Any CPU
		{FF6FFF7D-E33F-487C-92D8-3385B12CC054}.Release|x86.ActiveCfg = Release|Any CPU
		{FF6FFF7D-E33F-487C-92D8-3385B12CC054}.Release|x86.Build.0 = Release|Any CPU
		{FF6FFF7D-E33F-487C-92D8-3385B12CC054}.Release|x64.ActiveCfg = Release|Any CPU
		{FF6FFF7D-E33F-487C-92D8-3385B12CC054}.Release|x64.Build.0 = Release|Any CPU
		{FAB8E7AD-DC56-4A2D-B596-F2B874073849}.Debug|Any CPU.ActiveCfg = Debug|Any CPU
		{FAB8E7AD-DC56-4A2D-B596-F2B874073849}.Debug|Any CPU.Build.0 = Debug|Any CPU
		{FAB8E7AD-DC56-4A2D-B596-F2B874073849}.Debug|Mixed Platforms.ActiveCfg = Debug|Any CPU
		{FAB8E7AD-DC56-4A2D-B596-F2B874073849}.Debug|Mixed Platforms.Build.0 = Debug|Any CPU
		{FAB8E7AD-DC56-4A2D-B596-F2B874073849}.Debug|x86.ActiveCfg = Debug|Any CPU
		{FAB8E7AD-DC56-4A2D-B596-F2B874073849}.Debug|x86.Build.0 = Debug|Any CPU
		{FAB8E7AD-DC56-4A2D-B596-F2B874073849}.Debug|x64.ActiveCfg = Debug|Any CPU
		{FAB8E7AD-DC56-4A2D-B596-F2B874073849}.Debug|x64.Build.0 = Debug|Any CPU
		{FAB8E7AD-DC56-4A2D-B596-F2B874073849}.Release|Any CPU.ActiveCfg = Release|Any CPU
		{FAB8E7AD-DC56-4A2D-B596-F2B874073849}.Release|Any CPU.Build.0 = Release|Any CPU
		{FAB8E7AD-DC56-4A2D-B596-F2B874073849}.Release|Mixed Platforms.ActiveCfg = Release|Any CPU
		{FAB8E7AD-DC56-4A2D-B596-F2B874073849}.Release|Mixed Platforms.Build.0 = Release|Any CPU
		{FAB8E7AD-DC56-4A2D-B596-F2B874073849}.Release|x86.ActiveCfg = Release|Any CPU
		{FAB8E7AD-DC56-4A2D-B596-F2B874073849}.Release|x86.Build.0 = Release|Any CPU
		{FAB8E7AD-DC56-4A2D-B596-F2B874073849}.Release|x64.ActiveCfg = Release|Any CPU
		{FAB8E7AD-DC56-4A2D-B596-F2B874073849}.Release|x64.Build.0 = Release|Any CPU
		{81FAACC3-8CFE-4026-B83A-BDC7A67E2F60}.Debug|Any CPU.ActiveCfg = Debug|Any CPU
		{81FAACC3-8CFE-4026-B83A-BDC7A67E2F60}.Debug|Any CPU.Build.0 = Debug|Any CPU
		{81FAACC3-8CFE-4026-B83A-BDC7A67E2F60}.Debug|Mixed Platforms.ActiveCfg = Debug|Any CPU
		{81FAACC3-8CFE-4026-B83A-BDC7A67E2F60}.Debug|Mixed Platforms.Build.0 = Debug|Any CPU
		{81FAACC3-8CFE-4026-B83A-BDC7A67E2F60}.Debug|x86.ActiveCfg = Debug|Any CPU
		{81FAACC3-8CFE-4026-B83A-BDC7A67E2F60}.Debug|x86.Build.0 = Debug|Any CPU
		{81FAACC3-8CFE-4026-B83A-BDC7A67E2F60}.Debug|x64.ActiveCfg = Debug|Any CPU
		{81FAACC3-8CFE-4026-B83A-BDC7A67E2F60}.Debug|x64.Build.0 = Debug|Any CPU
		{81FAACC3-8CFE-4026-B83A-BDC7A67E2F60}.Release|Any CPU.ActiveCfg = Release|Any CPU
		{81FAACC3-8CFE-4026-B83A-BDC7A67E2F60}.Release|Any CPU.Build.0 = Release|Any CPU
		{81FAACC3-8CFE-4026-B83A-BDC7A67E2F60}.Release|Mixed Platforms.ActiveCfg = Release|Any CPU
		{81FAACC3-8CFE-4026-B83A-BDC7A67E2F60}.Release|Mixed Platforms.Build.0 = Release|Any CPU
		{81FAACC3-8CFE-4026-B83A-BDC7A67E2F60}.Release|x86.ActiveCfg = Release|Any CPU
		{81FAACC3-8CFE-4026-B83A-BDC7A67E2F60}.Release|x86.Build.0 = Release|Any CPU
		{81FAACC3-8CFE-4026-B83A-BDC7A67E2F60}.Release|x64.ActiveCfg = Release|Any CPU
		{81FAACC3-8CFE-4026-B83A-BDC7A67E2F60}.Release|x64.Build.0 = Release|Any CPU
		{6FDE0B41-6317-4391-95BE-BB1086F22963}.Debug|Any CPU.ActiveCfg = Debug|Any CPU
		{6FDE0B41-6317-4391-95BE-BB1086F22963}.Debug|Any CPU.Build.0 = Debug|Any CPU
		{6FDE0B41-6317-4391-95BE-BB1086F22963}.Debug|Mixed Platforms.ActiveCfg = Debug|Any CPU
		{6FDE0B41-6317-4391-95BE-BB1086F22963}.Debug|Mixed Platforms.Build.0 = Debug|Any CPU
		{6FDE0B41-6317-4391-95BE-BB1086F22963}.Debug|x86.ActiveCfg = Debug|Any CPU
		{6FDE0B41-6317-4391-95BE-BB1086F22963}.Debug|x86.Build.0 = Debug|Any CPU
		{6FDE0B41-6317-4391-95BE-BB1086F22963}.Debug|x64.ActiveCfg = Debug|Any CPU
		{6FDE0B41-6317-4391-95BE-BB1086F22963}.Debug|x64.Build.0 = Debug|Any CPU
		{6FDE0B41-6317-4391-95BE-BB1086F22963}.Release|Any CPU.ActiveCfg = Release|Any CPU
		{6FDE0B41-6317-4391-95BE-BB1086F22963}.Release|Any CPU.Build.0 = Release|Any CPU
		{6FDE0B41-6317-4391-95BE-BB1086F22963}.Release|Mixed Platforms.ActiveCfg = Release|Any CPU
		{6FDE0B41-6317-4391-95BE-BB1086F22963}.Release|Mixed Platforms.Build.0 = Release|Any CPU
		{6FDE0B41-6317-4391-95BE-BB1086F22963}.Release|x86.ActiveCfg = Release|Any CPU
		{6FDE0B41-6317-4391-95BE-BB1086F22963}.Release|x86.Build.0 = Release|Any CPU
		{6FDE0B41-6317-4391-95BE-BB1086F22963}.Release|x64.ActiveCfg = Release|Any CPU
		{6FDE0B41-6317-4391-95BE-BB1086F22963}.Release|x64.Build.0 = Release|Any CPU
		{4DF54CBF-D987-4AE2-BB6D-A8CFDD30FCA0}.Debug|Any CPU.ActiveCfg = Debug|Any CPU
		{4DF54CBF-D987-4AE2-BB6D-A8CFDD30FCA0}.Debug|Any CPU.Build.0 = Debug|Any CPU
		{4DF54CBF-D987-4AE2-BB6D-A8CFDD30FCA0}.Debug|Mixed Platforms.ActiveCfg = Debug|Any CPU
		{4DF54CBF-D987-4AE2-BB6D-A8CFDD30FCA0}.Debug|Mixed Platforms.Build.0 = Debug|Any CPU
		{4DF54CBF-D987-4AE2-BB6D-A8CFDD30FCA0}.Debug|x86.ActiveCfg = Debug|Any CPU
		{4DF54CBF-D987-4AE2-BB6D-A8CFDD30FCA0}.Debug|x86.Build.0 = Debug|Any CPU
		{4DF54CBF-D987-4AE2-BB6D-A8CFDD30FCA0}.Debug|x64.ActiveCfg = Debug|Any CPU
		{4DF54CBF-D987-4AE2-BB6D-A8CFDD30FCA0}.Debug|x64.Build.0 = Debug|Any CPU
		{4DF54CBF-D987-4AE2-BB6D-A8CFDD30FCA0}.Release|Any CPU.ActiveCfg = Release|Any CPU
		{4DF54CBF-D987-4AE2-BB6D-A8CFDD30FCA0}.Release|Any CPU.Build.0 = Release|Any CPU
		{4DF54CBF-D987-4AE2-BB6D-A8CFDD30FCA0}.Release|Mixed Platforms.ActiveCfg = Release|Any CPU
		{4DF54CBF-D987-4AE2-BB6D-A8CFDD30FCA0}.Release|Mixed Platforms.Build.0 = Release|Any CPU
		{4DF54CBF-D987-4AE2-BB6D-A8CFDD30FCA0}.Release|x86.ActiveCfg = Release|Any CPU
		{4DF54CBF-D987-4AE2-BB6D-A8CFDD30FCA0}.Release|x86.Build.0 = Release|Any CPU
		{4DF54CBF-D987-4AE2-BB6D-A8CFDD30FCA0}.Release|x64.ActiveCfg = Release|Any CPU
		{4DF54CBF-D987-4AE2-BB6D-A8CFDD30FCA0}.Release|x64.Build.0 = Release|Any CPU
		{39A2DC1C-9562-4D3D-95C1-A1708F341893}.Debug|Any CPU.ActiveCfg = Debug|Any CPU
		{39A2DC1C-9562-4D3D-95C1-A1708F341893}.Debug|Any CPU.Build.0 = Debug|Any CPU
		{39A2DC1C-9562-4D3D-95C1-A1708F341893}.Debug|Mixed Platforms.ActiveCfg = Debug|Any CPU
		{39A2DC1C-9562-4D3D-95C1-A1708F341893}.Debug|Mixed Platforms.Build.0 = Debug|Any CPU
		{39A2DC1C-9562-4D3D-95C1-A1708F341893}.Debug|x86.ActiveCfg = Debug|Any CPU
		{39A2DC1C-9562-4D3D-95C1-A1708F341893}.Debug|x86.Build.0 = Debug|Any CPU
		{39A2DC1C-9562-4D3D-95C1-A1708F341893}.Debug|x64.ActiveCfg = Debug|Any CPU
		{39A2DC1C-9562-4D3D-95C1-A1708F341893}.Debug|x64.Build.0 = Debug|Any CPU
		{39A2DC1C-9562-4D3D-95C1-A1708F341893}.Release|Any CPU.ActiveCfg = Release|Any CPU
		{39A2DC1C-9562-4D3D-95C1-A1708F341893}.Release|Any CPU.Build.0 = Release|Any CPU
		{39A2DC1C-9562-4D3D-95C1-A1708F341893}.Release|Mixed Platforms.ActiveCfg = Release|Any CPU
		{39A2DC1C-9562-4D3D-95C1-A1708F341893}.Release|Mixed Platforms.Build.0 = Release|Any CPU
		{39A2DC1C-9562-4D3D-95C1-A1708F341893}.Release|x86.ActiveCfg = Release|Any CPU
		{39A2DC1C-9562-4D3D-95C1-A1708F341893}.Release|x86.Build.0 = Release|Any CPU
		{39A2DC1C-9562-4D3D-95C1-A1708F341893}.Release|x64.ActiveCfg = Release|Any CPU
		{39A2DC1C-9562-4D3D-95C1-A1708F341893}.Release|x64.Build.0 = Release|Any CPU
		{20554BA6-CDBB-4D05-A0C0-3B953FF5BB34}.Debug|Any CPU.ActiveCfg = Debug|Any CPU
		{20554BA6-CDBB-4D05-A0C0-3B953FF5BB34}.Debug|Any CPU.Build.0 = Debug|Any CPU
		{20554BA6-CDBB-4D05-A0C0-3B953FF5BB34}.Debug|Mixed Platforms.ActiveCfg = Debug|Any CPU
		{20554BA6-CDBB-4D05-A0C0-3B953FF5BB34}.Debug|Mixed Platforms.Build.0 = Debug|Any CPU
		{20554BA6-CDBB-4D05-A0C0-3B953FF5BB34}.Debug|x86.ActiveCfg = Debug|Any CPU
		{20554BA6-CDBB-4D05-A0C0-3B953FF5BB34}.Debug|x86.Build.0 = Debug|Any CPU
		{20554BA6-CDBB-4D05-A0C0-3B953FF5BB34}.Debug|x64.ActiveCfg = Debug|Any CPU
		{20554BA6-CDBB-4D05-A0C0-3B953FF5BB34}.Debug|x64.Build.0 = Debug|Any CPU
		{20554BA6-CDBB-4D05-A0C0-3B953FF5BB34}.Release|Any CPU.ActiveCfg = Release|Any CPU
		{20554BA6-CDBB-4D05-A0C0-3B953FF5BB34}.Release|Any CPU.Build.0 = Release|Any CPU
		{20554BA6-CDBB-4D05-A0C0-3B953FF5BB34}.Release|Mixed Platforms.ActiveCfg = Release|Any CPU
		{20554BA6-CDBB-4D05-A0C0-3B953FF5BB34}.Release|Mixed Platforms.Build.0 = Release|Any CPU
		{20554BA6-CDBB-4D05-A0C0-3B953FF5BB34}.Release|x86.ActiveCfg = Release|Any CPU
		{20554BA6-CDBB-4D05-A0C0-3B953FF5BB34}.Release|x86.Build.0 = Release|Any CPU
		{20554BA6-CDBB-4D05-A0C0-3B953FF5BB34}.Release|x64.ActiveCfg = Release|Any CPU
		{20554BA6-CDBB-4D05-A0C0-3B953FF5BB34}.Release|x64.Build.0 = Release|Any CPU
		{2B305277-F4F0-49EA-BE6B-ABE9510C96CD}.Debug|Any CPU.ActiveCfg = Debug|Any CPU
		{2B305277-F4F0-49EA-BE6B-ABE9510C96CD}.Debug|Any CPU.Build.0 = Debug|Any CPU
		{2B305277-F4F0-49EA-BE6B-ABE9510C96CD}.Debug|Mixed Platforms.ActiveCfg = Debug|Any CPU
		{2B305277-F4F0-49EA-BE6B-ABE9510C96CD}.Debug|Mixed Platforms.Build.0 = Debug|Any CPU
		{2B305277-F4F0-49EA-BE6B-ABE9510C96CD}.Debug|x86.ActiveCfg = Debug|Any CPU
		{2B305277-F4F0-49EA-BE6B-ABE9510C96CD}.Debug|x86.Build.0 = Debug|Any CPU
		{2B305277-F4F0-49EA-BE6B-ABE9510C96CD}.Debug|x64.ActiveCfg = Debug|Any CPU
		{2B305277-F4F0-49EA-BE6B-ABE9510C96CD}.Debug|x64.Build.0 = Debug|Any CPU
		{2B305277-F4F0-49EA-BE6B-ABE9510C96CD}.Release|Any CPU.ActiveCfg = Release|Any CPU
		{2B305277-F4F0-49EA-BE6B-ABE9510C96CD}.Release|Any CPU.Build.0 = Release|Any CPU
		{2B305277-F4F0-49EA-BE6B-ABE9510C96CD}.Release|Mixed Platforms.ActiveCfg = Release|Any CPU
		{2B305277-F4F0-49EA-BE6B-ABE9510C96CD}.Release|Mixed Platforms.Build.0 = Release|Any CPU
		{2B305277-F4F0-49EA-BE6B-ABE9510C96CD}.Release|x86.ActiveCfg = Release|Any CPU
		{2B305277-F4F0-49EA-BE6B-ABE9510C96CD}.Release|x86.Build.0 = Release|Any CPU
		{2B305277-F4F0-49EA-BE6B-ABE9510C96CD}.Release|x64.ActiveCfg = Release|Any CPU
		{2B305277-F4F0-49EA-BE6B-ABE9510C96CD}.Release|x64.Build.0 = Release|Any CPU
		{C7A3ED37-B3E1-4123-8832-8A48128CCD5C}.Debug|Any CPU.ActiveCfg = Debug|Any CPU
		{C7A3ED37-B3E1-4123-8832-8A48128CCD5C}.Debug|Any CPU.Build.0 = Debug|Any CPU
		{C7A3ED37-B3E1-4123-8832-8A48128CCD5C}.Debug|Mixed Platforms.ActiveCfg = Debug|Any CPU
		{C7A3ED37-B3E1-4123-8832-8A48128CCD5C}.Debug|Mixed Platforms.Build.0 = Debug|Any CPU
		{C7A3ED37-B3E1-4123-8832-8A48128CCD5C}.Debug|x86.ActiveCfg = Debug|Any CPU
		{C7A3ED37-B3E1-4123-8832-8A48128CCD5C}.Debug|x86.Build.0 = Debug|Any CPU
		{C7A3ED37-B3E1-4123-8832-8A48128CCD5C}.Debug|x64.ActiveCfg = Debug|Any CPU
		{C7A3ED37-B3E1-4123-8832-8A48128CCD5C}.Debug|x64.Build.0 = Debug|Any CPU
		{C7A3ED37-B3E1-4123-8832-8A48128CCD5C}.Release|Any CPU.ActiveCfg = Release|Any CPU
		{C7A3ED37-B3E1-4123-8832-8A48128CCD5C}.Release|Any CPU.Build.0 = Release|Any CPU
		{C7A3ED37-B3E1-4123-8832-8A48128CCD5C}.Release|Mixed Platforms.ActiveCfg = Release|Any CPU
		{C7A3ED37-B3E1-4123-8832-8A48128CCD5C}.Release|Mixed Platforms.Build.0 = Release|Any CPU
		{C7A3ED37-B3E1-4123-8832-8A48128CCD5C}.Release|x86.ActiveCfg = Release|Any CPU
		{C7A3ED37-B3E1-4123-8832-8A48128CCD5C}.Release|x86.Build.0 = Release|Any CPU
		{C7A3ED37-B3E1-4123-8832-8A48128CCD5C}.Release|x64.ActiveCfg = Release|Any CPU
		{C7A3ED37-B3E1-4123-8832-8A48128CCD5C}.Release|x64.Build.0 = Release|Any CPU
		{A5674583-1400-45E1-AC37-2B2088E0EFB4}.Debug|Any CPU.ActiveCfg = Debug|Any CPU
		{A5674583-1400-45E1-AC37-2B2088E0EFB4}.Debug|Any CPU.Build.0 = Debug|Any CPU
		{A5674583-1400-45E1-AC37-2B2088E0EFB4}.Debug|Mixed Platforms.ActiveCfg = Debug|Any CPU
		{A5674583-1400-45E1-AC37-2B2088E0EFB4}.Debug|Mixed Platforms.Build.0 = Debug|Any CPU
		{A5674583-1400-45E1-AC37-2B2088E0EFB4}.Debug|x86.ActiveCfg = Debug|Any CPU
		{A5674583-1400-45E1-AC37-2B2088E0EFB4}.Debug|x86.Build.0 = Debug|Any CPU
		{A5674583-1400-45E1-AC37-2B2088E0EFB4}.Debug|x64.ActiveCfg = Debug|Any CPU
		{A5674583-1400-45E1-AC37-2B2088E0EFB4}.Debug|x64.Build.0 = Debug|Any CPU
		{A5674583-1400-45E1-AC37-2B2088E0EFB4}.Release|Any CPU.ActiveCfg = Release|Any CPU
		{A5674583-1400-45E1-AC37-2B2088E0EFB4}.Release|Any CPU.Build.0 = Release|Any CPU
		{A5674583-1400-45E1-AC37-2B2088E0EFB4}.Release|Mixed Platforms.ActiveCfg = Release|Any CPU
		{A5674583-1400-45E1-AC37-2B2088E0EFB4}.Release|Mixed Platforms.Build.0 = Release|Any CPU
		{A5674583-1400-45E1-AC37-2B2088E0EFB4}.Release|x86.ActiveCfg = Release|Any CPU
		{A5674583-1400-45E1-AC37-2B2088E0EFB4}.Release|x86.Build.0 = Release|Any CPU
		{A5674583-1400-45E1-AC37-2B2088E0EFB4}.Release|x64.ActiveCfg = Release|Any CPU
		{A5674583-1400-45E1-AC37-2B2088E0EFB4}.Release|x64.Build.0 = Release|Any CPU
		{612A4BE2-6BC0-4546-818D-C3C2E61080CF}.Debug|Any CPU.ActiveCfg = Debug|Any CPU
		{612A4BE2-6BC0-4546-818D-C3C2E61080CF}.Debug|Any CPU.Build.0 = Debug|Any CPU
		{612A4BE2-6BC0-4546-818D-C3C2E61080CF}.Debug|Mixed Platforms.ActiveCfg = Debug|Any CPU
		{612A4BE2-6BC0-4546-818D-C3C2E61080CF}.Debug|Mixed Platforms.Build.0 = Debug|Any CPU
		{612A4BE2-6BC0-4546-818D-C3C2E61080CF}.Debug|x86.ActiveCfg = Debug|Any CPU
		{612A4BE2-6BC0-4546-818D-C3C2E61080CF}.Debug|x86.Build.0 = Debug|Any CPU
		{612A4BE2-6BC0-4546-818D-C3C2E61080CF}.Debug|x64.ActiveCfg = Debug|Any CPU
		{612A4BE2-6BC0-4546-818D-C3C2E61080CF}.Debug|x64.Build.0 = Debug|Any CPU
		{612A4BE2-6BC0-4546-818D-C3C2E61080CF}.Release|Any CPU.ActiveCfg = Release|Any CPU
		{612A4BE2-6BC0-4546-818D-C3C2E61080CF}.Release|Any CPU.Build.0 = Release|Any CPU
		{612A4BE2-6BC0-4546-818D-C3C2E61080CF}.Release|Mixed Platforms.ActiveCfg = Release|Any CPU
		{612A4BE2-6BC0-4546-818D-C3C2E61080CF}.Release|Mixed Platforms.Build.0 = Release|Any CPU
		{612A4BE2-6BC0-4546-818D-C3C2E61080CF}.Release|x86.ActiveCfg = Release|Any CPU
		{612A4BE2-6BC0-4546-818D-C3C2E61080CF}.Release|x86.Build.0 = Release|Any CPU
		{612A4BE2-6BC0-4546-818D-C3C2E61080CF}.Release|x64.ActiveCfg = Release|Any CPU
		{612A4BE2-6BC0-4546-818D-C3C2E61080CF}.Release|x64.Build.0 = Release|Any CPU
		{19F04359-FC71-465C-A1C6-D443FC002E09}.Debug|Any CPU.ActiveCfg = Debug|Any CPU
		{19F04359-FC71-465C-A1C6-D443FC002E09}.Debug|Any CPU.Build.0 = Debug|Any CPU
		{19F04359-FC71-465C-A1C6-D443FC002E09}.Debug|Mixed Platforms.ActiveCfg = Debug|Any CPU
		{19F04359-FC71-465C-A1C6-D443FC002E09}.Debug|Mixed Platforms.Build.0 = Debug|Any CPU
		{19F04359-FC71-465C-A1C6-D443FC002E09}.Debug|x86.ActiveCfg = Debug|Any CPU
		{19F04359-FC71-465C-A1C6-D443FC002E09}.Debug|x86.Build.0 = Debug|Any CPU
		{19F04359-FC71-465C-A1C6-D443FC002E09}.Debug|x64.ActiveCfg = Debug|Any CPU
		{19F04359-FC71-465C-A1C6-D443FC002E09}.Debug|x64.Build.0 = Debug|Any CPU
		{19F04359-FC71-465C-A1C6-D443FC002E09}.Release|Any CPU.ActiveCfg = Release|Any CPU
		{19F04359-FC71-465C-A1C6-D443FC002E09}.Release|Any CPU.Build.0 = Release|Any CPU
		{19F04359-FC71-465C-A1C6-D443FC002E09}.Release|Mixed Platforms.ActiveCfg = Release|Any CPU
		{19F04359-FC71-465C-A1C6-D443FC002E09}.Release|Mixed Platforms.Build.0 = Release|Any CPU
		{19F04359-FC71-465C-A1C6-D443FC002E09}.Release|x86.ActiveCfg = Release|Any CPU
		{19F04359-FC71-465C-A1C6-D443FC002E09}.Release|x86.Build.0 = Release|Any CPU
		{19F04359-FC71-465C-A1C6-D443FC002E09}.Release|x64.ActiveCfg = Release|Any CPU
		{19F04359-FC71-465C-A1C6-D443FC002E09}.Release|x64.Build.0 = Release|Any CPU
		{F5C379B2-06F4-43BD-BD78-CD9E4ECA8979}.Debug|Any CPU.ActiveCfg = Debug|Any CPU
		{F5C379B2-06F4-43BD-BD78-CD9E4ECA8979}.Debug|Any CPU.Build.0 = Debug|Any CPU
		{F5C379B2-06F4-43BD-BD78-CD9E4ECA8979}.Debug|Mixed Platforms.ActiveCfg = Debug|Any CPU
		{F5C379B2-06F4-43BD-BD78-CD9E4ECA8979}.Debug|Mixed Platforms.Build.0 = Debug|Any CPU
		{F5C379B2-06F4-43BD-BD78-CD9E4ECA8979}.Debug|x86.ActiveCfg = Debug|Any CPU
		{F5C379B2-06F4-43BD-BD78-CD9E4ECA8979}.Debug|x86.Build.0 = Debug|Any CPU
		{F5C379B2-06F4-43BD-BD78-CD9E4ECA8979}.Debug|x64.ActiveCfg = Debug|Any CPU
		{F5C379B2-06F4-43BD-BD78-CD9E4ECA8979}.Debug|x64.Build.0 = Debug|Any CPU
		{F5C379B2-06F4-43BD-BD78-CD9E4ECA8979}.Release|Any CPU.ActiveCfg = Release|Any CPU
		{F5C379B2-06F4-43BD-BD78-CD9E4ECA8979}.Release|Any CPU.Build.0 = Release|Any CPU
		{F5C379B2-06F4-43BD-BD78-CD9E4ECA8979}.Release|Mixed Platforms.ActiveCfg = Release|Any CPU
		{F5C379B2-06F4-43BD-BD78-CD9E4ECA8979}.Release|Mixed Platforms.Build.0 = Release|Any CPU
		{F5C379B2-06F4-43BD-BD78-CD9E4ECA8979}.Release|x86.ActiveCfg = Release|Any CPU
		{F5C379B2-06F4-43BD-BD78-CD9E4ECA8979}.Release|x86.Build.0 = Release|Any CPU
		{F5C379B2-06F4-43BD-BD78-CD9E4ECA8979}.Release|x64.ActiveCfg = Release|Any CPU
		{F5C379B2-06F4-43BD-BD78-CD9E4ECA8979}.Release|x64.Build.0 = Release|Any CPU
		{02444C92-94BC-4374-A27A-CF01C1BB1CB4}.Debug|Any CPU.ActiveCfg = Debug|Any CPU
		{02444C92-94BC-4374-A27A-CF01C1BB1CB4}.Debug|Any CPU.Build.0 = Debug|Any CPU
		{02444C92-94BC-4374-A27A-CF01C1BB1CB4}.Debug|Mixed Platforms.ActiveCfg = Debug|Any CPU
		{02444C92-94BC-4374-A27A-CF01C1BB1CB4}.Debug|Mixed Platforms.Build.0 = Debug|Any CPU
		{02444C92-94BC-4374-A27A-CF01C1BB1CB4}.Debug|x86.ActiveCfg = Debug|Any CPU
		{02444C92-94BC-4374-A27A-CF01C1BB1CB4}.Debug|x86.Build.0 = Debug|Any CPU
		{02444C92-94BC-4374-A27A-CF01C1BB1CB4}.Debug|x64.ActiveCfg = Debug|Any CPU
		{02444C92-94BC-4374-A27A-CF01C1BB1CB4}.Debug|x64.Build.0 = Debug|Any CPU
		{02444C92-94BC-4374-A27A-CF01C1BB1CB4}.Release|Any CPU.ActiveCfg = Release|Any CPU
		{02444C92-94BC-4374-A27A-CF01C1BB1CB4}.Release|Any CPU.Build.0 = Release|Any CPU
		{02444C92-94BC-4374-A27A-CF01C1BB1CB4}.Release|Mixed Platforms.ActiveCfg = Release|Any CPU
		{02444C92-94BC-4374-A27A-CF01C1BB1CB4}.Release|Mixed Platforms.Build.0 = Release|Any CPU
		{02444C92-94BC-4374-A27A-CF01C1BB1CB4}.Release|x86.ActiveCfg = Release|Any CPU
		{02444C92-94BC-4374-A27A-CF01C1BB1CB4}.Release|x86.Build.0 = Release|Any CPU
		{02444C92-94BC-4374-A27A-CF01C1BB1CB4}.Release|x64.ActiveCfg = Release|Any CPU
		{02444C92-94BC-4374-A27A-CF01C1BB1CB4}.Release|x64.Build.0 = Release|Any CPU
		{6448E50E-F0C0-4DB0-9110-1BA31182D2A8}.Debug|Any CPU.ActiveCfg = Debug|Any CPU
		{6448E50E-F0C0-4DB0-9110-1BA31182D2A8}.Debug|Any CPU.Build.0 = Debug|Any CPU
		{6448E50E-F0C0-4DB0-9110-1BA31182D2A8}.Debug|Mixed Platforms.ActiveCfg = Debug|Any CPU
		{6448E50E-F0C0-4DB0-9110-1BA31182D2A8}.Debug|Mixed Platforms.Build.0 = Debug|Any CPU
		{6448E50E-F0C0-4DB0-9110-1BA31182D2A8}.Debug|x86.ActiveCfg = Debug|Any CPU
		{6448E50E-F0C0-4DB0-9110-1BA31182D2A8}.Debug|x86.Build.0 = Debug|Any CPU
		{6448E50E-F0C0-4DB0-9110-1BA31182D2A8}.Debug|x64.ActiveCfg = Debug|Any CPU
		{6448E50E-F0C0-4DB0-9110-1BA31182D2A8}.Debug|x64.Build.0 = Debug|Any CPU
		{6448E50E-F0C0-4DB0-9110-1BA31182D2A8}.Release|Any CPU.ActiveCfg = Release|Any CPU
		{6448E50E-F0C0-4DB0-9110-1BA31182D2A8}.Release|Any CPU.Build.0 = Release|Any CPU
		{6448E50E-F0C0-4DB0-9110-1BA31182D2A8}.Release|Mixed Platforms.ActiveCfg = Release|Any CPU
		{6448E50E-F0C0-4DB0-9110-1BA31182D2A8}.Release|Mixed Platforms.Build.0 = Release|Any CPU
		{6448E50E-F0C0-4DB0-9110-1BA31182D2A8}.Release|x86.ActiveCfg = Release|Any CPU
		{6448E50E-F0C0-4DB0-9110-1BA31182D2A8}.Release|x86.Build.0 = Release|Any CPU
		{6448E50E-F0C0-4DB0-9110-1BA31182D2A8}.Release|x64.ActiveCfg = Release|Any CPU
		{6448E50E-F0C0-4DB0-9110-1BA31182D2A8}.Release|x64.Build.0 = Release|Any CPU
	EndGlobalSection
	GlobalSection(SolutionProperties) = preSolution
		HideSolutionNode = FALSE
	EndGlobalSection
	GlobalSection(NestedProjects) = preSolution
		{4F1F649C-1020-45BE-A487-F416D9297FF3} = {B09156FB-8291-46A2-AF37-67CE97CFB5A6}
		{6BDA8332-939F-45B7-A25E-7A797260AE59} = {E4ACA93B-D3DE-4557-B069-F1DB42925A4B}
		{CCD7F2C9-6A2C-4CF0-8E89-076B8FC0F144} = {E4ACA93B-D3DE-4557-B069-F1DB42925A4B}
		{210541AD-F659-47DA-8763-16F36C5CD2F4} = {E4ACA93B-D3DE-4557-B069-F1DB42925A4B}
		{9A7B9344-6AD0-4828-876D-0BF14C177148} = {7881B112-7843-4542-B1F7-F99553FB9BB7}
		{75FD4163-333C-4DD5-854D-2EF294E45D94} = {B09156FB-8291-46A2-AF37-67CE97CFB5A6}
		{FD31C133-B4DE-4BB2-B327-1D0E2F2C95D4} = {E8FC6874-E230-468A-9685-4747354B92FF}
		{DD50A010-A00C-4CC6-B0BC-5E00C9EB4A25} = {7881B112-7843-4542-B1F7-F99553FB9BB7}
		{6D172051-A383-4BA6-A263-CEA19E7A6D2E} = {7881B112-7843-4542-B1F7-F99553FB9BB7}
		{2196E5AF-7BFF-45B0-A376-D91A2C82DC71} = {7881B112-7843-4542-B1F7-F99553FB9BB7}
		{3E1116F2-81AF-4B38-948D-CDCFBBFDD254} = {7881B112-7843-4542-B1F7-F99553FB9BB7}
		{75A95C16-9710-4421-8C0F-6876FA87BE9C} = {7881B112-7843-4542-B1F7-F99553FB9BB7}
		{5556E386-F732-4B0F-AE24-ADA2C78461F9} = {7881B112-7843-4542-B1F7-F99553FB9BB7}
		{7D19A236-B85D-400C-B362-B6249C44DC7D} = {7881B112-7843-4542-B1F7-F99553FB9BB7}
		{BA03DBAD-220D-4546-BC6C-4BAFA797F98B} = {7881B112-7843-4542-B1F7-F99553FB9BB7}
		{79882766-8D58-44B9-A68F-DD77E7449077} = {7881B112-7843-4542-B1F7-F99553FB9BB7}
		{F6000F4D-F040-4B41-A31F-5759A09F06B6} = {7881B112-7843-4542-B1F7-F99553FB9BB7}
		{23AB6B24-6860-4814-B4EB-6E5AC24A5D24} = {7881B112-7843-4542-B1F7-F99553FB9BB7}
		{BEF66364-813C-4D92-B426-B0A9129980EC} = {7881B112-7843-4542-B1F7-F99553FB9BB7}
		{FF6FFF7D-E33F-487C-92D8-3385B12CC054} = {7881B112-7843-4542-B1F7-F99553FB9BB7}
		{FAB8E7AD-DC56-4A2D-B596-F2B874073849} = {7881B112-7843-4542-B1F7-F99553FB9BB7}
		{81FAACC3-8CFE-4026-B83A-BDC7A67E2F60} = {7881B112-7843-4542-B1F7-F99553FB9BB7}
		{6FDE0B41-6317-4391-95BE-BB1086F22963} = {7881B112-7843-4542-B1F7-F99553FB9BB7}
		{4DF54CBF-D987-4AE2-BB6D-A8CFDD30FCA0} = {7881B112-7843-4542-B1F7-F99553FB9BB7}
		{39A2DC1C-9562-4D3D-95C1-A1708F341893} = {7881B112-7843-4542-B1F7-F99553FB9BB7}
		{20554BA6-CDBB-4D05-A0C0-3B953FF5BB34} = {7881B112-7843-4542-B1F7-F99553FB9BB7}
		{2B305277-F4F0-49EA-BE6B-ABE9510C96CD} = {7881B112-7843-4542-B1F7-F99553FB9BB7}
		{C7A3ED37-B3E1-4123-8832-8A48128CCD5C} = {7881B112-7843-4542-B1F7-F99553FB9BB7}
		{A5674583-1400-45E1-AC37-2B2088E0EFB4} = {7881B112-7843-4542-B1F7-F99553FB9BB7}
		{612A4BE2-6BC0-4546-818D-C3C2E61080CF} = {7881B112-7843-4542-B1F7-F99553FB9BB7}
		{19F04359-FC71-465C-A1C6-D443FC002E09} = {7881B112-7843-4542-B1F7-F99553FB9BB7}
		{F5C379B2-06F4-43BD-BD78-CD9E4ECA8979} = {7881B112-7843-4542-B1F7-F99553FB9BB7}
		{02444C92-94BC-4374-A27A-CF01C1BB1CB4} = {7881B112-7843-4542-B1F7-F99553FB9BB7}
		{6448E50E-F0C0-4DB0-9110-1BA31182D2A8} = {7881B112-7843-4542-B1F7-F99553FB9BB7}
	EndGlobalSection
	GlobalSection(ExtensibilityGlobals) = postSolution
		SolutionGuid = {EE72A8B2-332A-4175-9319-6726D36E9D25}
	EndGlobalSection
	GlobalSection(NDepend) = preSolution
		Project = ".\NopCommerce.ndproj"
	EndGlobalSection
EndGlobal
